
Microsoft Visual Studio Solution File, Format Version 12.00
# Visual Studio Version 16
VisualStudioVersion = 16.0.30523.141
MinimumVisualStudioVersion = 10.0.40219.1
Project("{9A19103F-16F7-4668-BE54-9A1E7A4F7556}") = "OnSale.Common", "OnSale.Common\OnSale.Common.csproj", "{6D74AE62-CB27-4D2A-814B-A3A7DB80B7EB}"
EndProject
Project("{9A19103F-16F7-4668-BE54-9A1E7A4F7556}") = "OnSale.Web", "OnSale.Web\OnSale.Web.csproj", "{06B9322A-111E-4DCB-A3F8-61D5FB2C811A}"
EndProject
Project("{FAE04EC0-301F-11D3-BF4B-00C04F79EFBC}") = "OnSale.Prism", "OnSale.Prism\OnSale.Prism\OnSale.Prism.csproj", "{5B130159-49D8-47AF-9593-3A87F2BA9FFD}"
EndProject
Project("{FAE04EC0-301F-11D3-BF4B-00C04F79EFBC}") = "OnSale.Prism.Android", "OnSale.Prism\OnSale.Prism.Android\OnSale.Prism.Android.csproj", "{3F545F6C-4628-46F1-935A-A906984599FB}"
EndProject
Project("{FAE04EC0-301F-11D3-BF4B-00C04F79EFBC}") = "OnSale.Prism.iOS", "OnSale.Prism\OnSale.Prism.iOS\OnSale.Prism.iOS.csproj", "{D96897AD-F184-4BBD-A95B-40091E637D31}"
EndProject
Global
	GlobalSection(SolutionConfigurationPlatforms) = preSolution
		Ad-Hoc|Any CPU = Ad-Hoc|Any CPU
		Ad-Hoc|iPhone = Ad-Hoc|iPhone
		Ad-Hoc|iPhoneSimulator = Ad-Hoc|iPhoneSimulator
		AppStore|Any CPU = AppStore|Any CPU
		AppStore|iPhone = AppStore|iPhone
		AppStore|iPhoneSimulator = AppStore|iPhoneSimulator
		Debug|Any CPU = Debug|Any CPU
		Debug|iPhone = Debug|iPhone
		Debug|iPhoneSimulator = Debug|iPhoneSimulator
		Release|Any CPU = Release|Any CPU
		Release|iPhone = Release|iPhone
		Release|iPhoneSimulator = Release|iPhoneSimulator
	EndGlobalSection
	GlobalSection(ProjectConfigurationPlatforms) = postSolution
		{6D74AE62-CB27-4D2A-814B-A3A7DB80B7EB}.Ad-Hoc|Any CPU.ActiveCfg = Release|Any CPU
		{6D74AE62-CB27-4D2A-814B-A3A7DB80B7EB}.Ad-Hoc|Any CPU.Build.0 = Release|Any CPU
		{6D74AE62-CB27-4D2A-814B-A3A7DB80B7EB}.Ad-Hoc|iPhone.ActiveCfg = Release|Any CPU
		{6D74AE62-CB27-4D2A-814B-A3A7DB80B7EB}.Ad-Hoc|iPhone.Build.0 = Release|Any CPU
		{6D74AE62-CB27-4D2A-814B-A3A7DB80B7EB}.Ad-Hoc|iPhoneSimulator.ActiveCfg = Release|Any CPU
		{6D74AE62-CB27-4D2A-814B-A3A7DB80B7EB}.Ad-Hoc|iPhoneSimulator.Build.0 = Release|Any CPU
		{6D74AE62-CB27-4D2A-814B-A3A7DB80B7EB}.AppStore|Any CPU.ActiveCfg = Release|Any CPU
		{6D74AE62-CB27-4D2A-814B-A3A7DB80B7EB}.AppStore|Any CPU.Build.0 = Release|Any CPU
		{6D74AE62-CB27-4D2A-814B-A3A7DB80B7EB}.AppStore|iPhone.ActiveCfg = Release|Any CPU
		{6D74AE62-CB27-4D2A-814B-A3A7DB80B7EB}.AppStore|iPhone.Build.0 = Release|Any CPU
		{6D74AE62-CB27-4D2A-814B-A3A7DB80B7EB}.AppStore|iPhoneSimulator.ActiveCfg = Release|Any CPU
		{6D74AE62-CB27-4D2A-814B-A3A7DB80B7EB}.AppStore|iPhoneSimulator.Build.0 = Release|Any CPU
		{6D74AE62-CB27-4D2A-814B-A3A7DB80B7EB}.Debug|Any CPU.ActiveCfg = Debug|Any CPU
		{6D74AE62-CB27-4D2A-814B-A3A7DB80B7EB}.Debug|Any CPU.Build.0 = Debug|Any CPU
		{6D74AE62-CB27-4D2A-814B-A3A7DB80B7EB}.Debug|iPhone.ActiveCfg = Debug|Any CPU
		{6D74AE62-CB27-4D2A-814B-A3A7DB80B7EB}.Debug|iPhone.Build.0 = Debug|Any CPU
		{6D74AE62-CB27-4D2A-814B-A3A7DB80B7EB}.Debug|iPhoneSimulator.ActiveCfg = Debug|Any CPU
		{6D74AE62-CB27-4D2A-814B-A3A7DB80B7EB}.Debug|iPhoneSimulator.Build.0 = Debug|Any CPU
		{6D74AE62-CB27-4D2A-814B-A3A7DB80B7EB}.Release|Any CPU.ActiveCfg = Release|Any CPU
		{6D74AE62-CB27-4D2A-814B-A3A7DB80B7EB}.Release|Any CPU.Build.0 = Release|Any CPU
		{6D74AE62-CB27-4D2A-814B-A3A7DB80B7EB}.Release|iPhone.ActiveCfg = Release|Any CPU
		{6D74AE62-CB27-4D2A-814B-A3A7DB80B7EB}.Release|iPhone.Build.0 = Release|Any CPU
		{6D74AE62-CB27-4D2A-814B-A3A7DB80B7EB}.Release|iPhoneSimulator.ActiveCfg = Release|Any CPU
		{6D74AE62-CB27-4D2A-814B-A3A7DB80B7EB}.Release|iPhoneSimulator.Build.0 = Release|Any CPU
		{06B9322A-111E-4DCB-A3F8-61D5FB2C811A}.Ad-Hoc|Any CPU.ActiveCfg = Release|Any CPU
		{06B9322A-111E-4DCB-A3F8-61D5FB2C811A}.Ad-Hoc|Any CPU.Build.0 = Release|Any CPU
		{06B9322A-111E-4DCB-A3F8-61D5FB2C811A}.Ad-Hoc|iPhone.ActiveCfg = Release|Any CPU
		{06B9322A-111E-4DCB-A3F8-61D5FB2C811A}.Ad-Hoc|iPhone.Build.0 = Release|Any CPU
		{06B9322A-111E-4DCB-A3F8-61D5FB2C811A}.Ad-Hoc|iPhoneSimulator.ActiveCfg = Release|Any CPU
		{06B9322A-111E-4DCB-A3F8-61D5FB2C811A}.Ad-Hoc|iPhoneSimulator.Build.0 = Release|Any CPU
		{06B9322A-111E-4DCB-A3F8-61D5FB2C811A}.AppStore|Any CPU.ActiveCfg = Release|Any CPU
		{06B9322A-111E-4DCB-A3F8-61D5FB2C811A}.AppStore|Any CPU.Build.0 = Release|Any CPU
		{06B9322A-111E-4DCB-A3F8-61D5FB2C811A}.AppStore|iPhone.ActiveCfg = Release|Any CPU
		{06B9322A-111E-4DCB-A3F8-61D5FB2C811A}.AppStore|iPhone.Build.0 = Release|Any CPU
		{06B9322A-111E-4DCB-A3F8-61D5FB2C811A}.AppStore|iPhoneSimulator.ActiveCfg = Release|Any CPU
		{06B9322A-111E-4DCB-A3F8-61D5FB2C811A}.AppStore|iPhoneSimulator.Build.0 = Release|Any CPU
		{06B9322A-111E-4DCB-A3F8-61D5FB2C811A}.Debug|Any CPU.ActiveCfg = Debug|Any CPU
		{06B9322A-111E-4DCB-A3F8-61D5FB2C811A}.Debug|Any CPU.Build.0 = Debug|Any CPU
		{06B9322A-111E-4DCB-A3F8-61D5FB2C811A}.Debug|iPhone.ActiveCfg = Debug|Any CPU
		{06B9322A-111E-4DCB-A3F8-61D5FB2C811A}.Debug|iPhone.Build.0 = Debug|Any CPU
		{06B9322A-111E-4DCB-A3F8-61D5FB2C811A}.Debug|iPhoneSimulator.ActiveCfg = Debug|Any CPU
		{06B9322A-111E-4DCB-A3F8-61D5FB2C811A}.Debug|iPhoneSimulator.Build.0 = Debug|Any CPU
		{06B9322A-111E-4DCB-A3F8-61D5FB2C811A}.Release|Any CPU.ActiveCfg = Release|Any CPU
		{06B9322A-111E-4DCB-A3F8-61D5FB2C811A}.Release|Any CPU.Build.0 = Release|Any CPU
		{06B9322A-111E-4DCB-A3F8-61D5FB2C811A}.Release|iPhone.ActiveCfg = Release|Any CPU
		{06B9322A-111E-4DCB-A3F8-61D5FB2C811A}.Release|iPhone.Build.0 = Release|Any CPU
		{06B9322A-111E-4DCB-A3F8-61D5FB2C811A}.Release|iPhoneSimulator.ActiveCfg = Release|Any CPU
		{06B9322A-111E-4DCB-A3F8-61D5FB2C811A}.Release|iPhoneSimulator.Build.0 = Release|Any CPU
		{5B130159-49D8-47AF-9593-3A87F2BA9FFD}.Ad-Hoc|Any CPU.ActiveCfg = Debug|Any CPU
		{5B130159-49D8-47AF-9593-3A87F2BA9FFD}.Ad-Hoc|Any CPU.Build.0 = Debug|Any CPU
		{5B130159-49D8-47AF-9593-3A87F2BA9FFD}.Ad-Hoc|iPhone.ActiveCfg = Debug|Any CPU
		{5B130159-49D8-47AF-9593-3A87F2BA9FFD}.Ad-Hoc|iPhone.Build.0 = Debug|Any CPU
		{5B130159-49D8-47AF-9593-3A87F2BA9FFD}.Ad-Hoc|iPhoneSimulator.ActiveCfg = Debug|Any CPU
		{5B130159-49D8-47AF-9593-3A87F2BA9FFD}.Ad-Hoc|iPhoneSimulator.Build.0 = Debug|Any CPU
		{5B130159-49D8-47AF-9593-3A87F2BA9FFD}.AppStore|Any CPU.ActiveCfg = Debug|Any CPU
		{5B130159-49D8-47AF-9593-3A87F2BA9FFD}.AppStore|Any CPU.Build.0 = Debug|Any CPU
		{5B130159-49D8-47AF-9593-3A87F2BA9FFD}.AppStore|iPhone.ActiveCfg = Debug|Any CPU
		{5B130159-49D8-47AF-9593-3A87F2BA9FFD}.AppStore|iPhone.Build.0 = Debug|Any CPU
		{5B130159-49D8-47AF-9593-3A87F2BA9FFD}.AppStore|iPhoneSimulator.ActiveCfg = Debug|Any CPU
		{5B130159-49D8-47AF-9593-3A87F2BA9FFD}.AppStore|iPhoneSimulator.Build.0 = Debug|Any CPU
		{5B130159-49D8-47AF-9593-3A87F2BA9FFD}.Debug|Any CPU.ActiveCfg = Debug|Any CPU
		{5B130159-49D8-47AF-9593-3A87F2BA9FFD}.Debug|Any CPU.Build.0 = Debug|Any CPU
		{5B130159-49D8-47AF-9593-3A87F2BA9FFD}.Debug|iPhone.ActiveCfg = Debug|Any CPU
		{5B130159-49D8-47AF-9593-3A87F2BA9FFD}.Debug|iPhone.Build.0 = Debug|Any CPU
		{5B130159-49D8-47AF-9593-3A87F2BA9FFD}.Debug|iPhoneSimulator.ActiveCfg = Debug|Any CPU
		{5B130159-49D8-47AF-9593-3A87F2BA9FFD}.Debug|iPhoneSimulator.Build.0 = Debug|Any CPU
		{5B130159-49D8-47AF-9593-3A87F2BA9FFD}.Release|Any CPU.ActiveCfg = Release|Any CPU
		{5B130159-49D8-47AF-9593-3A87F2BA9FFD}.Release|Any CPU.Build.0 = Release|Any CPU
		{5B130159-49D8-47AF-9593-3A87F2BA9FFD}.Release|iPhone.ActiveCfg = Release|Any CPU
		{5B130159-49D8-47AF-9593-3A87F2BA9FFD}.Release|iPhone.Build.0 = Release|Any CPU
		{5B130159-49D8-47AF-9593-3A87F2BA9FFD}.Release|iPhoneSimulator.ActiveCfg = Release|Any CPU
		{5B130159-49D8-47AF-9593-3A87F2BA9FFD}.Release|iPhoneSimulator.Build.0 = Release|Any CPU
		{3F545F6C-4628-46F1-935A-A906984599FB}.Ad-Hoc|Any CPU.ActiveCfg = Debug|Any CPU
		{3F545F6C-4628-46F1-935A-A906984599FB}.Ad-Hoc|Any CPU.Build.0 = Debug|Any CPU
		{3F545F6C-4628-46F1-935A-A906984599FB}.Ad-Hoc|Any CPU.Deploy.0 = Debug|Any CPU
		{3F545F6C-4628-46F1-935A-A906984599FB}.Ad-Hoc|iPhone.ActiveCfg = Debug|Any CPU
		{3F545F6C-4628-46F1-935A-A906984599FB}.Ad-Hoc|iPhone.Build.0 = Debug|Any CPU
		{3F545F6C-4628-46F1-935A-A906984599FB}.Ad-Hoc|iPhone.Deploy.0 = Debug|Any CPU
		{3F545F6C-4628-46F1-935A-A906984599FB}.Ad-Hoc|iPhoneSimulator.ActiveCfg = Debug|Any CPU
		{3F545F6C-4628-46F1-935A-A906984599FB}.Ad-Hoc|iPhoneSimulator.Build.0 = Debug|Any CPU
		{3F545F6C-4628-46F1-935A-A906984599FB}.Ad-Hoc|iPhoneSimulator.Deploy.0 = Debug|Any CPU
		{3F545F6C-4628-46F1-935A-A906984599FB}.AppStore|Any CPU.ActiveCfg = Debug|Any CPU
		{3F545F6C-4628-46F1-935A-A906984599FB}.AppStore|Any CPU.Build.0 = Debug|Any CPU
		{3F545F6C-4628-46F1-935A-A906984599FB}.AppStore|Any CPU.Deploy.0 = Debug|Any CPU
		{3F545F6C-4628-46F1-935A-A906984599FB}.AppStore|iPhone.ActiveCfg = Debug|Any CPU
		{3F545F6C-4628-46F1-935A-A906984599FB}.AppStore|iPhone.Build.0 = Debug|Any CPU
		{3F545F6C-4628-46F1-935A-A906984599FB}.AppStore|iPhone.Deploy.0 = Debug|Any CPU
		{3F545F6C-4628-46F1-935A-A906984599FB}.AppStore|iPhoneSimulator.ActiveCfg = Debug|Any CPU
		{3F545F6C-4628-46F1-935A-A906984599FB}.AppStore|iPhoneSimulator.Build.0 = Debug|Any CPU
		{3F545F6C-4628-46F1-935A-A906984599FB}.AppStore|iPhoneSimulator.Deploy.0 = Debug|Any CPU
		{3F545F6C-4628-46F1-935A-A906984599FB}.Debug|Any CPU.ActiveCfg = Debug|Any CPU
		{3F545F6C-4628-46F1-935A-A906984599FB}.Debug|Any CPU.Build.0 = Debug|Any CPU
		{3F545F6C-4628-46F1-935A-A906984599FB}.Debug|Any CPU.Deploy.0 = Debug|Any CPU
		{3F545F6C-4628-46F1-935A-A906984599FB}.Debug|iPhone.ActiveCfg = Debug|Any CPU
		{3F545F6C-4628-46F1-935A-A906984599FB}.Debug|iPhone.Build.0 = Debug|Any CPU
		{3F545F6C-4628-46F1-935A-A906984599FB}.Debug|iPhone.Deploy.0 = Debug|Any CPU
		{3F545F6C-4628-46F1-935A-A906984599FB}.Debug|iPhoneSimulator.ActiveCfg = Debug|Any CPU
		{3F545F6C-4628-46F1-935A-A906984599FB}.Debug|iPhoneSimulator.Build.0 = Debug|Any CPU
		{3F545F6C-4628-46F1-935A-A906984599FB}.Debug|iPhoneSimulator.Deploy.0 = Debug|Any CPU
		{3F545F6C-4628-46F1-935A-A906984599FB}.Release|Any CPU.ActiveCfg = Release|Any CPU
		{3F545F6C-4628-46F1-935A-A906984599FB}.Release|Any CPU.Build.0 = Release|Any CPU
		{3F545F6C-4628-46F1-935A-A906984599FB}.Release|Any CPU.Deploy.0 = Release|Any CPU
		{3F545F6C-4628-46F1-935A-A906984599FB}.Release|iPhone.ActiveCfg = Release|Any CPU
		{3F545F6C-4628-46F1-935A-A906984599FB}.Release|iPhone.Build.0 = Release|Any CPU
		{3F545F6C-4628-46F1-935A-A906984599FB}.Release|iPhone.Deploy.0 = Release|Any CPU
		{3F545F6C-4628-46F1-935A-A906984599FB}.Release|iPhoneSimulator.ActiveCfg = Release|Any CPU
		{3F545F6C-4628-46F1-935A-A906984599FB}.Release|iPhoneSimulator.Build.0 = Release|Any CPU
		{3F545F6C-4628-46F1-935A-A906984599FB}.Release|iPhoneSimulator.Deploy.0 = Release|Any CPU
		{D96897AD-F184-4BBD-A95B-40091E637D31}.Ad-Hoc|Any CPU.ActiveCfg = Ad-Hoc|iPhoneSimulator
		{D96897AD-F184-4BBD-A95B-40091E637D31}.Ad-Hoc|iPhone.ActiveCfg = Ad-Hoc|iPhone
		{D96897AD-F184-4BBD-A95B-40091E637D31}.Ad-Hoc|iPhone.Build.0 = Ad-Hoc|iPhone
		{D96897AD-F184-4BBD-A95B-40091E637D31}.Ad-Hoc|iPhoneSimulator.ActiveCfg = Ad-Hoc|iPhoneSimulator
		{D96897AD-F184-4BBD-A95B-40091E637D31}.Ad-Hoc|iPhoneSimulator.Build.0 = Ad-Hoc|iPhoneSimulator
		{D96897AD-F184-4BBD-A95B-40091E637D31}.AppStore|Any CPU.ActiveCfg = AppStore|iPhoneSimulator
		{D96897AD-F184-4BBD-A95B-40091E637D31}.AppStore|iPhone.ActiveCfg = AppStore|iPhone
		{D96897AD-F184-4BBD-A95B-40091E637D31}.AppStore|iPhone.Build.0 = AppStore|iPhone
		{D96897AD-F184-4BBD-A95B-40091E637D31}.AppStore|iPhoneSimulator.ActiveCfg = AppStore|iPhoneSimulator
		{D96897AD-F184-4BBD-A95B-40091E637D31}.AppStore|iPhoneSimulator.Build.0 = AppStore|iPhoneSimulator
		{D96897AD-F184-4BBD-A95B-40091E637D31}.Debug|Any CPU.ActiveCfg = Debug|iPhoneSimulator
		{D96897AD-F184-4BBD-A95B-40091E637D31}.Debug|iPhone.ActiveCfg = Debug|iPhone
		{D96897AD-F184-4BBD-A95B-40091E637D31}.Debug|iPhone.Build.0 = Debug|iPhone
		{D96897AD-F184-4BBD-A95B-40091E637D31}.Debug|iPhoneSimulator.ActiveCfg = Debug|iPhoneSimulator
		{D96897AD-F184-4BBD-A95B-40091E637D31}.Debug|iPhoneSimulator.Build.0 = Debug|iPhoneSimulator
		{D96897AD-F184-4BBD-A95B-40091E637D31}.Release|Any CPU.ActiveCfg = Release|iPhoneSimulator
		{D96897AD-F184-4BBD-A95B-40091E637D31}.Release|iPhone.ActiveCfg = Release|iPhone
		{D96897AD-F184-4BBD-A95B-40091E637D31}.Release|iPhone.Build.0 = Release|iPhone
		{D96897AD-F184-4BBD-A95B-40091E637D31}.Release|iPhoneSimulator.ActiveCfg = Release|iPhoneSimulator
		{D96897AD-F184-4BBD-A95B-40091E637D31}.Release|iPhoneSimulator.Build.0 = Release|iPhoneSimulator
	EndGlobalSection
	GlobalSection(SolutionProperties) = preSolution
		HideSolutionNode = FALSE
	EndGlobalSection
	GlobalSection(ExtensibilityGlobals) = postSolution
		SolutionGuid = {81EFECC2-658D-42DB-B16A-226D530D5089}
	EndGlobalSection
EndGlobal
