
Microsoft Visual Studio Solution File, Format Version 12.00
# Visual Studio Version 16
VisualStudioVersion = 16.0.30523.141
MinimumVisualStudioVersion = 10.0.40219.1
Project("{9A19103F-16F7-4668-BE54-9A1E7A4F7556}") = "OnSale.Common", "OnSale.Common\OnSale.Common.csproj", "{6D74AE62-CB27-4D2A-814B-A3A7DB80B7EB}"
EndProject
Project("{9A19103F-16F7-4668-BE54-9A1E7A4F7556}") = "OnSale.Web", "OnSale.Web\OnSale.Web.csproj", "{06B9322A-111E-4DCB-A3F8-61D5FB2C811A}"
EndProject
Project("{FAE04EC0-301F-11D3-BF4B-00C04F79EFBC}") = "Onsale.Prism", "Onsale.Prism\Onsale.Prism\Onsale.Prism.csproj", "{E7396E5E-71DC-4D3C-B0E7-E137BD869595}"
EndProject
Project("{FAE04EC0-301F-11D3-BF4B-00C04F79EFBC}") = "Onsale.Prism.Android", "Onsale.Prism\Onsale.Prism.Android\Onsale.Prism.Android.csproj", "{4E03C90B-8138-41D0-BB45-964390FD74AE}"
EndProject
Project("{FAE04EC0-301F-11D3-BF4B-00C04F79EFBC}") = "Onsale.Prism.iOS", "Onsale.Prism\Onsale.Prism.iOS\Onsale.Prism.iOS.csproj", "{56536D18-D0C9-442B-9A2C-F624AA02D0AE}"
EndProject
Global
	GlobalSection(SolutionConfigurationPlatforms) = preSolution
		Ad-Hoc|Any CPU = Ad-Hoc|Any CPU
		Ad-Hoc|iPhone = Ad-Hoc|iPhone
		Ad-Hoc|iPhoneSimulator = Ad-Hoc|iPhoneSimulator
		AppStore|Any CPU = AppStore|Any CPU
		AppStore|iPhone = AppStore|iPhone
		AppStore|iPhoneSimulator = AppStore|iPhoneSimulator
		Debug|Any CPU = Debug|Any CPU
		Debug|iPhone = Debug|iPhone
		Debug|iPhoneSimulator = Debug|iPhoneSimulator
		Release|Any CPU = Release|Any CPU
		Release|iPhone = Release|iPhone
		Release|iPhoneSimulator = Release|iPhoneSimulator
	EndGlobalSection
	GlobalSection(ProjectConfigurationPlatforms) = postSolution
		{6D74AE62-CB27-4D2A-814B-A3A7DB80B7EB}.Ad-Hoc|Any CPU.ActiveCfg = Release|Any CPU
		{6D74AE62-CB27-4D2A-814B-A3A7DB80B7EB}.Ad-Hoc|Any CPU.Build.0 = Release|Any CPU
		{6D74AE62-CB27-4D2A-814B-A3A7DB80B7EB}.Ad-Hoc|iPhone.ActiveCfg = Release|Any CPU
		{6D74AE62-CB27-4D2A-814B-A3A7DB80B7EB}.Ad-Hoc|iPhone.Build.0 = Release|Any CPU
		{6D74AE62-CB27-4D2A-814B-A3A7DB80B7EB}.Ad-Hoc|iPhoneSimulator.ActiveCfg = Release|Any CPU
		{6D74AE62-CB27-4D2A-814B-A3A7DB80B7EB}.Ad-Hoc|iPhoneSimulator.Build.0 = Release|Any CPU
		{6D74AE62-CB27-4D2A-814B-A3A7DB80B7EB}.AppStore|Any CPU.ActiveCfg = Release|Any CPU
		{6D74AE62-CB27-4D2A-814B-A3A7DB80B7EB}.AppStore|Any CPU.Build.0 = Release|Any CPU
		{6D74AE62-CB27-4D2A-814B-A3A7DB80B7EB}.AppStore|iPhone.ActiveCfg = Release|Any CPU
		{6D74AE62-CB27-4D2A-814B-A3A7DB80B7EB}.AppStore|iPhone.Build.0 = Release|Any CPU
		{6D74AE62-CB27-4D2A-814B-A3A7DB80B7EB}.AppStore|iPhoneSimulator.ActiveCfg = Release|Any CPU
		{6D74AE62-CB27-4D2A-814B-A3A7DB80B7EB}.AppStore|iPhoneSimulator.Build.0 = Release|Any CPU
		{6D74AE62-CB27-4D2A-814B-A3A7DB80B7EB}.Debug|Any CPU.ActiveCfg = Debug|Any CPU
		{6D74AE62-CB27-4D2A-814B-A3A7DB80B7EB}.Debug|Any CPU.Build.0 = Debug|Any CPU
		{6D74AE62-CB27-4D2A-814B-A3A7DB80B7EB}.Debug|iPhone.ActiveCfg = Debug|Any CPU
		{6D74AE62-CB27-4D2A-814B-A3A7DB80B7EB}.Debug|iPhone.Build.0 = Debug|Any CPU
		{6D74AE62-CB27-4D2A-814B-A3A7DB80B7EB}.Debug|iPhoneSimulator.ActiveCfg = Debug|Any CPU
		{6D74AE62-CB27-4D2A-814B-A3A7DB80B7EB}.Debug|iPhoneSimulator.Build.0 = Debug|Any CPU
		{6D74AE62-CB27-4D2A-814B-A3A7DB80B7EB}.Release|Any CPU.ActiveCfg = Release|Any CPU
		{6D74AE62-CB27-4D2A-814B-A3A7DB80B7EB}.Release|Any CPU.Build.0 = Release|Any CPU
		{6D74AE62-CB27-4D2A-814B-A3A7DB80B7EB}.Release|iPhone.ActiveCfg = Release|Any CPU
		{6D74AE62-CB27-4D2A-814B-A3A7DB80B7EB}.Release|iPhone.Build.0 = Release|Any CPU
		{6D74AE62-CB27-4D2A-814B-A3A7DB80B7EB}.Release|iPhoneSimulator.ActiveCfg = Release|Any CPU
		{6D74AE62-CB27-4D2A-814B-A3A7DB80B7EB}.Release|iPhoneSimulator.Build.0 = Release|Any CPU
		{06B9322A-111E-4DCB-A3F8-61D5FB2C811A}.Ad-Hoc|Any CPU.ActiveCfg = Release|Any CPU
		{06B9322A-111E-4DCB-A3F8-61D5FB2C811A}.Ad-Hoc|Any CPU.Build.0 = Release|Any CPU
		{06B9322A-111E-4DCB-A3F8-61D5FB2C811A}.Ad-Hoc|iPhone.ActiveCfg = Release|Any CPU
		{06B9322A-111E-4DCB-A3F8-61D5FB2C811A}.Ad-Hoc|iPhone.Build.0 = Release|Any CPU
		{06B9322A-111E-4DCB-A3F8-61D5FB2C811A}.Ad-Hoc|iPhoneSimulator.ActiveCfg = Release|Any CPU
		{06B9322A-111E-4DCB-A3F8-61D5FB2C811A}.Ad-Hoc|iPhoneSimulator.Build.0 = Release|Any CPU
		{06B9322A-111E-4DCB-A3F8-61D5FB2C811A}.AppStore|Any CPU.ActiveCfg = Release|Any CPU
		{06B9322A-111E-4DCB-A3F8-61D5FB2C811A}.AppStore|Any CPU.Build.0 = Release|Any CPU
		{06B9322A-111E-4DCB-A3F8-61D5FB2C811A}.AppStore|iPhone.ActiveCfg = Release|Any CPU
		{06B9322A-111E-4DCB-A3F8-61D5FB2C811A}.AppStore|iPhone.Build.0 = Release|Any CPU
		{06B9322A-111E-4DCB-A3F8-61D5FB2C811A}.AppStore|iPhoneSimulator.ActiveCfg = Release|Any CPU
		{06B9322A-111E-4DCB-A3F8-61D5FB2C811A}.AppStore|iPhoneSimulator.Build.0 = Release|Any CPU
		{06B9322A-111E-4DCB-A3F8-61D5FB2C811A}.Debug|Any CPU.ActiveCfg = Debug|Any CPU
		{06B9322A-111E-4DCB-A3F8-61D5FB2C811A}.Debug|Any CPU.Build.0 = Debug|Any CPU
		{06B9322A-111E-4DCB-A3F8-61D5FB2C811A}.Debug|iPhone.ActiveCfg = Debug|Any CPU
		{06B9322A-111E-4DCB-A3F8-61D5FB2C811A}.Debug|iPhone.Build.0 = Debug|Any CPU
		{06B9322A-111E-4DCB-A3F8-61D5FB2C811A}.Debug|iPhoneSimulator.ActiveCfg = Debug|Any CPU
		{06B9322A-111E-4DCB-A3F8-61D5FB2C811A}.Debug|iPhoneSimulator.Build.0 = Debug|Any CPU
		{06B9322A-111E-4DCB-A3F8-61D5FB2C811A}.Release|Any CPU.ActiveCfg = Release|Any CPU
		{06B9322A-111E-4DCB-A3F8-61D5FB2C811A}.Release|Any CPU.Build.0 = Release|Any CPU
		{06B9322A-111E-4DCB-A3F8-61D5FB2C811A}.Release|iPhone.ActiveCfg = Release|Any CPU
		{06B9322A-111E-4DCB-A3F8-61D5FB2C811A}.Release|iPhone.Build.0 = Release|Any CPU
		{06B9322A-111E-4DCB-A3F8-61D5FB2C811A}.Release|iPhoneSimulator.ActiveCfg = Release|Any CPU
		{06B9322A-111E-4DCB-A3F8-61D5FB2C811A}.Release|iPhoneSimulator.Build.0 = Release|Any CPU
		{E7396E5E-71DC-4D3C-B0E7-E137BD869595}.Ad-Hoc|Any CPU.ActiveCfg = Debug|Any CPU
		{E7396E5E-71DC-4D3C-B0E7-E137BD869595}.Ad-Hoc|Any CPU.Build.0 = Debug|Any CPU
		{E7396E5E-71DC-4D3C-B0E7-E137BD869595}.Ad-Hoc|iPhone.ActiveCfg = Debug|Any CPU
		{E7396E5E-71DC-4D3C-B0E7-E137BD869595}.Ad-Hoc|iPhone.Build.0 = Debug|Any CPU
		{E7396E5E-71DC-4D3C-B0E7-E137BD869595}.Ad-Hoc|iPhoneSimulator.ActiveCfg = Debug|Any CPU
		{E7396E5E-71DC-4D3C-B0E7-E137BD869595}.Ad-Hoc|iPhoneSimulator.Build.0 = Debug|Any CPU
		{E7396E5E-71DC-4D3C-B0E7-E137BD869595}.AppStore|Any CPU.ActiveCfg = Debug|Any CPU
		{E7396E5E-71DC-4D3C-B0E7-E137BD869595}.AppStore|Any CPU.Build.0 = Debug|Any CPU
		{E7396E5E-71DC-4D3C-B0E7-E137BD869595}.AppStore|iPhone.ActiveCfg = Debug|Any CPU
		{E7396E5E-71DC-4D3C-B0E7-E137BD869595}.AppStore|iPhone.Build.0 = Debug|Any CPU
		{E7396E5E-71DC-4D3C-B0E7-E137BD869595}.AppStore|iPhoneSimulator.ActiveCfg = Debug|Any CPU
		{E7396E5E-71DC-4D3C-B0E7-E137BD869595}.AppStore|iPhoneSimulator.Build.0 = Debug|Any CPU
		{E7396E5E-71DC-4D3C-B0E7-E137BD869595}.Debug|Any CPU.ActiveCfg = Debug|Any CPU
		{E7396E5E-71DC-4D3C-B0E7-E137BD869595}.Debug|Any CPU.Build.0 = Debug|Any CPU
		{E7396E5E-71DC-4D3C-B0E7-E137BD869595}.Debug|iPhone.ActiveCfg = Debug|Any CPU
		{E7396E5E-71DC-4D3C-B0E7-E137BD869595}.Debug|iPhone.Build.0 = Debug|Any CPU
		{E7396E5E-71DC-4D3C-B0E7-E137BD869595}.Debug|iPhoneSimulator.ActiveCfg = Debug|Any CPU
		{E7396E5E-71DC-4D3C-B0E7-E137BD869595}.Debug|iPhoneSimulator.Build.0 = Debug|Any CPU
		{E7396E5E-71DC-4D3C-B0E7-E137BD869595}.Release|Any CPU.ActiveCfg = Release|Any CPU
		{E7396E5E-71DC-4D3C-B0E7-E137BD869595}.Release|Any CPU.Build.0 = Release|Any CPU
		{E7396E5E-71DC-4D3C-B0E7-E137BD869595}.Release|iPhone.ActiveCfg = Release|Any CPU
		{E7396E5E-71DC-4D3C-B0E7-E137BD869595}.Release|iPhone.Build.0 = Release|Any CPU
		{E7396E5E-71DC-4D3C-B0E7-E137BD869595}.Release|iPhoneSimulator.ActiveCfg = Release|Any CPU
		{E7396E5E-71DC-4D3C-B0E7-E137BD869595}.Release|iPhoneSimulator.Build.0 = Release|Any CPU
		{4E03C90B-8138-41D0-BB45-964390FD74AE}.Ad-Hoc|Any CPU.ActiveCfg = Debug|Any CPU
		{4E03C90B-8138-41D0-BB45-964390FD74AE}.Ad-Hoc|Any CPU.Build.0 = Debug|Any CPU
		{4E03C90B-8138-41D0-BB45-964390FD74AE}.Ad-Hoc|Any CPU.Deploy.0 = Debug|Any CPU
		{4E03C90B-8138-41D0-BB45-964390FD74AE}.Ad-Hoc|iPhone.ActiveCfg = Debug|Any CPU
		{4E03C90B-8138-41D0-BB45-964390FD74AE}.Ad-Hoc|iPhone.Build.0 = Debug|Any CPU
		{4E03C90B-8138-41D0-BB45-964390FD74AE}.Ad-Hoc|iPhone.Deploy.0 = Debug|Any CPU
		{4E03C90B-8138-41D0-BB45-964390FD74AE}.Ad-Hoc|iPhoneSimulator.ActiveCfg = Debug|Any CPU
		{4E03C90B-8138-41D0-BB45-964390FD74AE}.Ad-Hoc|iPhoneSimulator.Build.0 = Debug|Any CPU
		{4E03C90B-8138-41D0-BB45-964390FD74AE}.Ad-Hoc|iPhoneSimulator.Deploy.0 = Debug|Any CPU
		{4E03C90B-8138-41D0-BB45-964390FD74AE}.AppStore|Any CPU.ActiveCfg = Debug|Any CPU
		{4E03C90B-8138-41D0-BB45-964390FD74AE}.AppStore|Any CPU.Build.0 = Debug|Any CPU
		{4E03C90B-8138-41D0-BB45-964390FD74AE}.AppStore|Any CPU.Deploy.0 = Debug|Any CPU
		{4E03C90B-8138-41D0-BB45-964390FD74AE}.AppStore|iPhone.ActiveCfg = Debug|Any CPU
		{4E03C90B-8138-41D0-BB45-964390FD74AE}.AppStore|iPhone.Build.0 = Debug|Any CPU
		{4E03C90B-8138-41D0-BB45-964390FD74AE}.AppStore|iPhone.Deploy.0 = Debug|Any CPU
		{4E03C90B-8138-41D0-BB45-964390FD74AE}.AppStore|iPhoneSimulator.ActiveCfg = Debug|Any CPU
		{4E03C90B-8138-41D0-BB45-964390FD74AE}.AppStore|iPhoneSimulator.Build.0 = Debug|Any CPU
		{4E03C90B-8138-41D0-BB45-964390FD74AE}.AppStore|iPhoneSimulator.Deploy.0 = Debug|Any CPU
		{4E03C90B-8138-41D0-BB45-964390FD74AE}.Debug|Any CPU.ActiveCfg = Debug|Any CPU
		{4E03C90B-8138-41D0-BB45-964390FD74AE}.Debug|Any CPU.Build.0 = Debug|Any CPU
		{4E03C90B-8138-41D0-BB45-964390FD74AE}.Debug|Any CPU.Deploy.0 = Debug|Any CPU
		{4E03C90B-8138-41D0-BB45-964390FD74AE}.Debug|iPhone.ActiveCfg = Debug|Any CPU
		{4E03C90B-8138-41D0-BB45-964390FD74AE}.Debug|iPhone.Build.0 = Debug|Any CPU
		{4E03C90B-8138-41D0-BB45-964390FD74AE}.Debug|iPhone.Deploy.0 = Debug|Any CPU
		{4E03C90B-8138-41D0-BB45-964390FD74AE}.Debug|iPhoneSimulator.ActiveCfg = Debug|Any CPU
		{4E03C90B-8138-41D0-BB45-964390FD74AE}.Debug|iPhoneSimulator.Build.0 = Debug|Any CPU
		{4E03C90B-8138-41D0-BB45-964390FD74AE}.Debug|iPhoneSimulator.Deploy.0 = Debug|Any CPU
		{4E03C90B-8138-41D0-BB45-964390FD74AE}.Release|Any CPU.ActiveCfg = Release|Any CPU
		{4E03C90B-8138-41D0-BB45-964390FD74AE}.Release|Any CPU.Build.0 = Release|Any CPU
		{4E03C90B-8138-41D0-BB45-964390FD74AE}.Release|Any CPU.Deploy.0 = Release|Any CPU
		{4E03C90B-8138-41D0-BB45-964390FD74AE}.Release|iPhone.ActiveCfg = Release|Any CPU
		{4E03C90B-8138-41D0-BB45-964390FD74AE}.Release|iPhone.Build.0 = Release|Any CPU
		{4E03C90B-8138-41D0-BB45-964390FD74AE}.Release|iPhone.Deploy.0 = Release|Any CPU
		{4E03C90B-8138-41D0-BB45-964390FD74AE}.Release|iPhoneSimulator.ActiveCfg = Release|Any CPU
		{4E03C90B-8138-41D0-BB45-964390FD74AE}.Release|iPhoneSimulator.Build.0 = Release|Any CPU
		{4E03C90B-8138-41D0-BB45-964390FD74AE}.Release|iPhoneSimulator.Deploy.0 = Release|Any CPU
		{56536D18-D0C9-442B-9A2C-F624AA02D0AE}.Ad-Hoc|Any CPU.ActiveCfg = Ad-Hoc|iPhoneSimulator
		{56536D18-D0C9-442B-9A2C-F624AA02D0AE}.Ad-Hoc|iPhone.ActiveCfg = Ad-Hoc|iPhone
		{56536D18-D0C9-442B-9A2C-F624AA02D0AE}.Ad-Hoc|iPhone.Build.0 = Ad-Hoc|iPhone
		{56536D18-D0C9-442B-9A2C-F624AA02D0AE}.Ad-Hoc|iPhoneSimulator.ActiveCfg = Ad-Hoc|iPhoneSimulator
		{56536D18-D0C9-442B-9A2C-F624AA02D0AE}.Ad-Hoc|iPhoneSimulator.Build.0 = Ad-Hoc|iPhoneSimulator
		{56536D18-D0C9-442B-9A2C-F624AA02D0AE}.AppStore|Any CPU.ActiveCfg = AppStore|iPhoneSimulator
		{56536D18-D0C9-442B-9A2C-F624AA02D0AE}.AppStore|iPhone.ActiveCfg = AppStore|iPhone
		{56536D18-D0C9-442B-9A2C-F624AA02D0AE}.AppStore|iPhone.Build.0 = AppStore|iPhone
		{56536D18-D0C9-442B-9A2C-F624AA02D0AE}.AppStore|iPhoneSimulator.ActiveCfg = AppStore|iPhoneSimulator
		{56536D18-D0C9-442B-9A2C-F624AA02D0AE}.AppStore|iPhoneSimulator.Build.0 = AppStore|iPhoneSimulator
		{56536D18-D0C9-442B-9A2C-F624AA02D0AE}.Debug|Any CPU.ActiveCfg = Debug|iPhoneSimulator
		{56536D18-D0C9-442B-9A2C-F624AA02D0AE}.Debug|iPhone.ActiveCfg = Debug|iPhone
		{56536D18-D0C9-442B-9A2C-F624AA02D0AE}.Debug|iPhone.Build.0 = Debug|iPhone
		{56536D18-D0C9-442B-9A2C-F624AA02D0AE}.Debug|iPhoneSimulator.ActiveCfg = Debug|iPhoneSimulator
		{56536D18-D0C9-442B-9A2C-F624AA02D0AE}.Debug|iPhoneSimulator.Build.0 = Debug|iPhoneSimulator
		{56536D18-D0C9-442B-9A2C-F624AA02D0AE}.Release|Any CPU.ActiveCfg = Release|iPhoneSimulator
		{56536D18-D0C9-442B-9A2C-F624AA02D0AE}.Release|iPhone.ActiveCfg = Release|iPhone
		{56536D18-D0C9-442B-9A2C-F624AA02D0AE}.Release|iPhone.Build.0 = Release|iPhone
		{56536D18-D0C9-442B-9A2C-F624AA02D0AE}.Release|iPhoneSimulator.ActiveCfg = Release|iPhoneSimulator
		{56536D18-D0C9-442B-9A2C-F624AA02D0AE}.Release|iPhoneSimulator.Build.0 = Release|iPhoneSimulator
	EndGlobalSection
	GlobalSection(SolutionProperties) = preSolution
		HideSolutionNode = FALSE
	EndGlobalSection
	GlobalSection(ExtensibilityGlobals) = postSolution
		SolutionGuid = {81EFECC2-658D-42DB-B16A-226D530D5089}
	EndGlobalSection
EndGlobal
